
Microsoft Visual Studio Solution File, Format Version 12.00
# Visual Studio Version 16
VisualStudioVersion = 16.0.30320.27
MinimumVisualStudioVersion = 10.0.40219.1
Project("{FAE04EC0-301F-11D3-BF4B-00C04F79EFBC}") = "webapp", "webapp\webapp.csproj", "{C33F6ECB-ED0A-471A-82B6-F2E298C8FC38}"
EndProject
Global
	GlobalSection(SolutionConfigurationPlatforms) = preSolution
		Debug|Any CPU = Debug|Any CPU
		Release|Any CPU = Release|Any CPU
	EndGlobalSection
	GlobalSection(ProjectConfigurationPlatforms) = postSolution
		{C33F6ECB-ED0A-471A-82B6-F2E298C8FC38}.Debug|Any CPU.ActiveCfg = Debug|Any CPU
		{C33F6ECB-ED0A-471A-82B6-F2E298C8FC38}.Debug|Any CPU.Build.0 = Debug|Any CPU
		{C33F6ECB-ED0A-471A-82B6-F2E298C8FC38}.Release|Any CPU.ActiveCfg = Release|Any CPU
		{C33F6ECB-ED0A-471A-82B6-F2E298C8FC38}.Release|Any CPU.Build.0 = Release|Any CPU
	EndGlobalSection
	GlobalSection(SolutionProperties) = preSolution
		HideSolutionNode = FALSE
	EndGlobalSection
	GlobalSection(ExtensibilityGlobals) = postSolution
		SolutionGuid = {CE6A20D6-C7D3-4972-8B0C-5481A259E946}
	EndGlobalSection
EndGlobal
